// !$*UTF8*$!
{
	archiveVersion = 1;
	classes = {
	};
	objectVersion = 55;
	objects = {

/* Begin PBXBuildFile section */
		9A0BE74629231B82007A1687 /* GoogleService-Info-Dev.plist in Resources */ = {isa = PBXBuildFile; fileRef = 9A0BE74529231B82007A1687 /* GoogleService-Info-Dev.plist */; };
		9A0DDE50292362C6001974FB /* LoginMainViewController.swift in Sources */ = {isa = PBXBuildFile; fileRef = 9A0DDE4F292362C6001974FB /* LoginMainViewController.swift */; };
		9A2367AD28ED3C1C00D43F9D /* AppDelegate.swift in Sources */ = {isa = PBXBuildFile; fileRef = 9A2367AC28ED3C1C00D43F9D /* AppDelegate.swift */; };
		9A2367AF28ED3C1C00D43F9D /* SceneDelegate.swift in Sources */ = {isa = PBXBuildFile; fileRef = 9A2367AE28ED3C1C00D43F9D /* SceneDelegate.swift */; };
		9A2367B128ED3C1C00D43F9D /* ViewController.swift in Sources */ = {isa = PBXBuildFile; fileRef = 9A2367B028ED3C1C00D43F9D /* ViewController.swift */; };
		9A2367B428ED3C1C00D43F9D /* Main.storyboard in Resources */ = {isa = PBXBuildFile; fileRef = 9A2367B228ED3C1C00D43F9D /* Main.storyboard */; };
		9A2367B628ED3C1D00D43F9D /* Assets.xcassets in Resources */ = {isa = PBXBuildFile; fileRef = 9A2367B528ED3C1D00D43F9D /* Assets.xcassets */; };
		9A2367B928ED3C1D00D43F9D /* LaunchScreen.storyboard in Resources */ = {isa = PBXBuildFile; fileRef = 9A2367B728ED3C1D00D43F9D /* LaunchScreen.storyboard */; };
		9A2367C428ED3C1D00D43F9D /* EcoRecipeTests.swift in Sources */ = {isa = PBXBuildFile; fileRef = 9A2367C328ED3C1D00D43F9D /* EcoRecipeTests.swift */; };
		9A2367CE28ED3C1D00D43F9D /* EcoRecipeUITests.swift in Sources */ = {isa = PBXBuildFile; fileRef = 9A2367CD28ED3C1D00D43F9D /* EcoRecipeUITests.swift */; };
		9A2367D028ED3C1D00D43F9D /* EcoRecipeUITestsLaunchTests.swift in Sources */ = {isa = PBXBuildFile; fileRef = 9A2367CF28ED3C1D00D43F9D /* EcoRecipeUITestsLaunchTests.swift */; };
		9A4037E22903D7B900C2C090 /* DetailViewController.swift in Sources */ = {isa = PBXBuildFile; fileRef = 9A4037E12903D7B900C2C090 /* DetailViewController.swift */; };
		9A4037E42904078600C2C090 /* DetailTableViewCell.swift in Sources */ = {isa = PBXBuildFile; fileRef = 9A4037E32904078600C2C090 /* DetailTableViewCell.swift */; };
		9A41E4602919F4F200C8CA07 /* Login.storyboard in Resources */ = {isa = PBXBuildFile; fileRef = 9A41E45F2919F4F100C8CA07 /* Login.storyboard */; };
		9A58E481290C01C6006B0118 /* Model.xcdatamodeld in Sources */ = {isa = PBXBuildFile; fileRef = 9A58E47F290C01C6006B0118 /* Model.xcdatamodeld */; };
		9A86EFC529232D9B00EE12BF /* GoogleService-Info-Rls.plist in Resources */ = {isa = PBXBuildFile; fileRef = 9A86EFC429232D9B00EE12BF /* GoogleService-Info-Rls.plist */; };
		9A89AA9C29334C21003A26A3 /* SignUpViewController.swift in Sources */ = {isa = PBXBuildFile; fileRef = 9A89AA9B29334C21003A26A3 /* SignUpViewController.swift */; };
		9A89AAA029334F05003A26A3 /* FirebaseAnalytics in Frameworks */ = {isa = PBXBuildFile; productRef = 9A89AA9F29334F05003A26A3 /* FirebaseAnalytics */; };
		9A89AAA229334F05003A26A3 /* FirebaseAuth in Frameworks */ = {isa = PBXBuildFile; productRef = 9A89AAA129334F05003A26A3 /* FirebaseAuth */; };
		9A89AAA429334F05003A26A3 /* FirebaseDatabase in Frameworks */ = {isa = PBXBuildFile; productRef = 9A89AAA329334F05003A26A3 /* FirebaseDatabase */; };
		9A89AAA629334F05003A26A3 /* FirebaseMessaging in Frameworks */ = {isa = PBXBuildFile; productRef = 9A89AAA529334F05003A26A3 /* FirebaseMessaging */; };
		9A89AAA829334F05003A26A3 /* FirebaseStorage in Frameworks */ = {isa = PBXBuildFile; productRef = 9A89AAA729334F05003A26A3 /* FirebaseStorage */; };
		9AB65AFE290FA8CA007DFACA /* FavoriteViewController.swift in Sources */ = {isa = PBXBuildFile; fileRef = 9AB65AFD290FA8CA007DFACA /* FavoriteViewController.swift */; };
		9AB65B00290FA8F1007DFACA /* FavoriteTableViewCell.swift in Sources */ = {isa = PBXBuildFile; fileRef = 9AB65AFF290FA8F1007DFACA /* FavoriteTableViewCell.swift */; };
		9ABE2ABD29137C1800228F59 /* TabBarController.swift in Sources */ = {isa = PBXBuildFile; fileRef = 9ABE2ABC29137C1800228F59 /* TabBarController.swift */; };
		9AC986A228F3E4C5009A8E54 /* MainTableViewCell.swift in Sources */ = {isa = PBXBuildFile; fileRef = 9AC986A128F3E4C5009A8E54 /* MainTableViewCell.swift */; };
		9ACA44C229235CE50084C663 /* SettingsViewController.swift in Sources */ = {isa = PBXBuildFile; fileRef = 9ACA44C129235CE40084C663 /* SettingsViewController.swift */; };
/* End PBXBuildFile section */

/* Begin PBXContainerItemProxy section */
		9A2367C028ED3C1D00D43F9D /* PBXContainerItemProxy */ = {
			isa = PBXContainerItemProxy;
			containerPortal = 9A2367A128ED3C1C00D43F9D /* Project object */;
			proxyType = 1;
			remoteGlobalIDString = 9A2367A828ED3C1C00D43F9D;
			remoteInfo = EcoRecipe;
		};
		9A2367CA28ED3C1D00D43F9D /* PBXContainerItemProxy */ = {
			isa = PBXContainerItemProxy;
			containerPortal = 9A2367A128ED3C1C00D43F9D /* Project object */;
			proxyType = 1;
			remoteGlobalIDString = 9A2367A828ED3C1C00D43F9D;
			remoteInfo = EcoRecipe;
		};
/* End PBXContainerItemProxy section */

/* Begin PBXFileReference section */
		9A0BE74529231B82007A1687 /* GoogleService-Info-Dev.plist */ = {isa = PBXFileReference; fileEncoding = 4; lastKnownFileType = text.plist.xml; path = "GoogleService-Info-Dev.plist"; sourceTree = "<group>"; };
		9A0DDE4F292362C6001974FB /* LoginMainViewController.swift */ = {isa = PBXFileReference; lastKnownFileType = sourcecode.swift; path = LoginMainViewController.swift; sourceTree = "<group>"; };
		9A2367A928ED3C1C00D43F9D /* cooking-app-iOS.app */ = {isa = PBXFileReference; explicitFileType = wrapper.application; includeInIndex = 0; path = "cooking-app-iOS.app"; sourceTree = BUILT_PRODUCTS_DIR; };
		9A2367AC28ED3C1C00D43F9D /* AppDelegate.swift */ = {isa = PBXFileReference; lastKnownFileType = sourcecode.swift; path = AppDelegate.swift; sourceTree = "<group>"; };
		9A2367AE28ED3C1C00D43F9D /* SceneDelegate.swift */ = {isa = PBXFileReference; lastKnownFileType = sourcecode.swift; path = SceneDelegate.swift; sourceTree = "<group>"; };
		9A2367B028ED3C1C00D43F9D /* ViewController.swift */ = {isa = PBXFileReference; lastKnownFileType = sourcecode.swift; path = ViewController.swift; sourceTree = "<group>"; };
		9A2367B328ED3C1C00D43F9D /* Base */ = {isa = PBXFileReference; lastKnownFileType = file.storyboard; name = Base; path = Base.lproj/Main.storyboard; sourceTree = "<group>"; };
		9A2367B528ED3C1D00D43F9D /* Assets.xcassets */ = {isa = PBXFileReference; lastKnownFileType = folder.assetcatalog; path = Assets.xcassets; sourceTree = "<group>"; };
		9A2367B828ED3C1D00D43F9D /* Base */ = {isa = PBXFileReference; lastKnownFileType = file.storyboard; name = Base; path = Base.lproj/LaunchScreen.storyboard; sourceTree = "<group>"; };
		9A2367BA28ED3C1D00D43F9D /* Info.plist */ = {isa = PBXFileReference; lastKnownFileType = text.plist.xml; path = Info.plist; sourceTree = "<group>"; };
		9A2367BF28ED3C1D00D43F9D /* cooking-app-iOSTests.xctest */ = {isa = PBXFileReference; explicitFileType = wrapper.cfbundle; includeInIndex = 0; path = "cooking-app-iOSTests.xctest"; sourceTree = BUILT_PRODUCTS_DIR; };
		9A2367C328ED3C1D00D43F9D /* EcoRecipeTests.swift */ = {isa = PBXFileReference; lastKnownFileType = sourcecode.swift; path = EcoRecipeTests.swift; sourceTree = "<group>"; };
		9A2367C928ED3C1D00D43F9D /* cooking-app-iOSUITests.xctest */ = {isa = PBXFileReference; explicitFileType = wrapper.cfbundle; includeInIndex = 0; path = "cooking-app-iOSUITests.xctest"; sourceTree = BUILT_PRODUCTS_DIR; };
		9A2367CD28ED3C1D00D43F9D /* EcoRecipeUITests.swift */ = {isa = PBXFileReference; lastKnownFileType = sourcecode.swift; path = EcoRecipeUITests.swift; sourceTree = "<group>"; };
		9A2367CF28ED3C1D00D43F9D /* EcoRecipeUITestsLaunchTests.swift */ = {isa = PBXFileReference; lastKnownFileType = sourcecode.swift; path = EcoRecipeUITestsLaunchTests.swift; sourceTree = "<group>"; };
		9A4037E12903D7B900C2C090 /* DetailViewController.swift */ = {isa = PBXFileReference; lastKnownFileType = sourcecode.swift; path = DetailViewController.swift; sourceTree = "<group>"; };
		9A4037E32904078600C2C090 /* DetailTableViewCell.swift */ = {isa = PBXFileReference; lastKnownFileType = sourcecode.swift; path = DetailTableViewCell.swift; sourceTree = "<group>"; };
		9A41E45F2919F4F100C8CA07 /* Login.storyboard */ = {isa = PBXFileReference; lastKnownFileType = file.storyboard; path = Login.storyboard; sourceTree = "<group>"; };
		9A41E463291AA8E400C8CA07 /* cooking-app-iOS.entitlements */ = {isa = PBXFileReference; lastKnownFileType = text.plist.entitlements; path = "cooking-app-iOS.entitlements"; sourceTree = "<group>"; };
		9A58E480290C01C6006B0118 /* Model.xcdatamodel */ = {isa = PBXFileReference; lastKnownFileType = wrapper.xcdatamodel; path = Model.xcdatamodel; sourceTree = "<group>"; };
		9A86EFC429232D9B00EE12BF /* GoogleService-Info-Rls.plist */ = {isa = PBXFileReference; fileEncoding = 4; lastKnownFileType = text.plist.xml; path = "GoogleService-Info-Rls.plist"; sourceTree = "<group>"; };
		9A89AA9B29334C21003A26A3 /* SignUpViewController.swift */ = {isa = PBXFileReference; lastKnownFileType = sourcecode.swift; path = SignUpViewController.swift; sourceTree = "<group>"; };
		9AB65AFD290FA8CA007DFACA /* FavoriteViewController.swift */ = {isa = PBXFileReference; lastKnownFileType = sourcecode.swift; path = FavoriteViewController.swift; sourceTree = "<group>"; };
		9AB65AFF290FA8F1007DFACA /* FavoriteTableViewCell.swift */ = {isa = PBXFileReference; lastKnownFileType = sourcecode.swift; path = FavoriteTableViewCell.swift; sourceTree = "<group>"; };
		9ABE2ABC29137C1800228F59 /* TabBarController.swift */ = {isa = PBXFileReference; lastKnownFileType = sourcecode.swift; path = TabBarController.swift; sourceTree = "<group>"; };
		9AC986A128F3E4C5009A8E54 /* MainTableViewCell.swift */ = {isa = PBXFileReference; lastKnownFileType = sourcecode.swift; path = MainTableViewCell.swift; sourceTree = "<group>"; };
		9ACA44C129235CE40084C663 /* SettingsViewController.swift */ = {isa = PBXFileReference; lastKnownFileType = sourcecode.swift; path = SettingsViewController.swift; sourceTree = "<group>"; };
/* End PBXFileReference section */

/* Begin PBXFrameworksBuildPhase section */
		9A2367A628ED3C1C00D43F9D /* Frameworks */ = {
			isa = PBXFrameworksBuildPhase;
			buildActionMask = 2147483647;
			files = (
				9A89AAA629334F05003A26A3 /* FirebaseMessaging in Frameworks */,
				9A89AAA429334F05003A26A3 /* FirebaseDatabase in Frameworks */,
				9A89AAA029334F05003A26A3 /* FirebaseAnalytics in Frameworks */,
				9A89AAA829334F05003A26A3 /* FirebaseStorage in Frameworks */,
				9A89AAA229334F05003A26A3 /* FirebaseAuth in Frameworks */,
			);
			runOnlyForDeploymentPostprocessing = 0;
		};
		9A2367BC28ED3C1D00D43F9D /* Frameworks */ = {
			isa = PBXFrameworksBuildPhase;
			buildActionMask = 2147483647;
			files = (
			);
			runOnlyForDeploymentPostprocessing = 0;
		};
		9A2367C628ED3C1D00D43F9D /* Frameworks */ = {
			isa = PBXFrameworksBuildPhase;
			buildActionMask = 2147483647;
			files = (
			);
			runOnlyForDeploymentPostprocessing = 0;
		};
/* End PBXFrameworksBuildPhase section */

/* Begin PBXGroup section */
		9A2367A028ED3C1C00D43F9D = {
			isa = PBXGroup;
			children = (
				9A2367AB28ED3C1C00D43F9D /* cooking-app-iOS */,
				9A2367C228ED3C1D00D43F9D /* cooking-app-iOSTests */,
				9A2367CC28ED3C1D00D43F9D /* cooking-app-iOSUITests */,
				9A2367AA28ED3C1C00D43F9D /* Products */,
			);
			sourceTree = "<group>";
		};
		9A2367AA28ED3C1C00D43F9D /* Products */ = {
			isa = PBXGroup;
			children = (
				9A2367A928ED3C1C00D43F9D /* cooking-app-iOS.app */,
				9A2367BF28ED3C1D00D43F9D /* cooking-app-iOSTests.xctest */,
				9A2367C928ED3C1D00D43F9D /* cooking-app-iOSUITests.xctest */,
			);
			name = Products;
			sourceTree = "<group>";
		};
		9A2367AB28ED3C1C00D43F9D /* cooking-app-iOS */ = {
			isa = PBXGroup;
			children = (
				9A41E463291AA8E400C8CA07 /* cooking-app-iOS.entitlements */,
				9A2367AC28ED3C1C00D43F9D /* AppDelegate.swift */,
				9A2367AE28ED3C1C00D43F9D /* SceneDelegate.swift */,
				9ABE2ABC29137C1800228F59 /* TabBarController.swift */,
				9A2367B028ED3C1C00D43F9D /* ViewController.swift */,
				9A58E47F290C01C6006B0118 /* Model.xcdatamodeld */,
				9AC986A128F3E4C5009A8E54 /* MainTableViewCell.swift */,
				9A2367B228ED3C1C00D43F9D /* Main.storyboard */,
				9A41E45F2919F4F100C8CA07 /* Login.storyboard */,
				9A0DDE4F292362C6001974FB /* LoginMainViewController.swift */,
				9A4037E12903D7B900C2C090 /* DetailViewController.swift */,
				9A4037E32904078600C2C090 /* DetailTableViewCell.swift */,
				9AB65AFD290FA8CA007DFACA /* FavoriteViewController.swift */,
				9AB65AFF290FA8F1007DFACA /* FavoriteTableViewCell.swift */,
				9ACA44C129235CE40084C663 /* SettingsViewController.swift */,
				9AAF2BAB29229F7F009A1080 /* Firebase */,
				9A2367B528ED3C1D00D43F9D /* Assets.xcassets */,
				9A2367B728ED3C1D00D43F9D /* LaunchScreen.storyboard */,
				9A2367BA28ED3C1D00D43F9D /* Info.plist */,
				9A89AA9B29334C21003A26A3 /* SignUpViewController.swift */,
			);
			path = "cooking-app-iOS";
			sourceTree = "<group>";
		};
		9A2367C228ED3C1D00D43F9D /* cooking-app-iOSTests */ = {
			isa = PBXGroup;
			children = (
				9A2367C328ED3C1D00D43F9D /* EcoRecipeTests.swift */,
			);
			path = "cooking-app-iOSTests";
			sourceTree = "<group>";
		};
		9A2367CC28ED3C1D00D43F9D /* cooking-app-iOSUITests */ = {
			isa = PBXGroup;
			children = (
				9A2367CD28ED3C1D00D43F9D /* EcoRecipeUITests.swift */,
				9A2367CF28ED3C1D00D43F9D /* EcoRecipeUITestsLaunchTests.swift */,
			);
			path = "cooking-app-iOSUITests";
			sourceTree = "<group>";
		};
		9AAF2BAB29229F7F009A1080 /* Firebase */ = {
			isa = PBXGroup;
			children = (
				9A86EFC429232D9B00EE12BF /* GoogleService-Info-Rls.plist */,
				9A0BE74529231B82007A1687 /* GoogleService-Info-Dev.plist */,
			);
			path = Firebase;
			sourceTree = "<group>";
		};
/* End PBXGroup section */

/* Begin PBXNativeTarget section */
		9A2367A828ED3C1C00D43F9D /* cooking-app-iOS */ = {
			isa = PBXNativeTarget;
			buildConfigurationList = 9A2367D328ED3C1D00D43F9D /* Build configuration list for PBXNativeTarget "cooking-app-iOS" */;
			buildPhases = (
				9A2367A528ED3C1C00D43F9D /* Sources */,
				9A2367A628ED3C1C00D43F9D /* Frameworks */,
				9A2367A728ED3C1C00D43F9D /* Resources */,
				9AAF2BAE2922A061009A1080 /* Firebase info plist */,
			);
			buildRules = (
			);
			dependencies = (
			);
			name = "cooking-app-iOS";
			packageProductDependencies = (
				9A89AA9F29334F05003A26A3 /* FirebaseAnalytics */,
				9A89AAA129334F05003A26A3 /* FirebaseAuth */,
				9A89AAA329334F05003A26A3 /* FirebaseDatabase */,
				9A89AAA529334F05003A26A3 /* FirebaseMessaging */,
				9A89AAA729334F05003A26A3 /* FirebaseStorage */,
			);
			productName = EcoRecipe;
			productReference = 9A2367A928ED3C1C00D43F9D /* cooking-app-iOS.app */;
			productType = "com.apple.product-type.application";
		};
		9A2367BE28ED3C1D00D43F9D /* cooking-app-iOSTests */ = {
			isa = PBXNativeTarget;
			buildConfigurationList = 9A2367D628ED3C1D00D43F9D /* Build configuration list for PBXNativeTarget "cooking-app-iOSTests" */;
			buildPhases = (
				9A2367BB28ED3C1D00D43F9D /* Sources */,
				9A2367BC28ED3C1D00D43F9D /* Frameworks */,
				9A2367BD28ED3C1D00D43F9D /* Resources */,
			);
			buildRules = (
			);
			dependencies = (
				9A2367C128ED3C1D00D43F9D /* PBXTargetDependency */,
			);
			name = "cooking-app-iOSTests";
			productName = EcoRecipeTests;
			productReference = 9A2367BF28ED3C1D00D43F9D /* cooking-app-iOSTests.xctest */;
			productType = "com.apple.product-type.bundle.unit-test";
		};
		9A2367C828ED3C1D00D43F9D /* cooking-app-iOSUITests */ = {
			isa = PBXNativeTarget;
			buildConfigurationList = 9A2367D928ED3C1D00D43F9D /* Build configuration list for PBXNativeTarget "cooking-app-iOSUITests" */;
			buildPhases = (
				9A2367C528ED3C1D00D43F9D /* Sources */,
				9A2367C628ED3C1D00D43F9D /* Frameworks */,
				9A2367C728ED3C1D00D43F9D /* Resources */,
			);
			buildRules = (
			);
			dependencies = (
				9A2367CB28ED3C1D00D43F9D /* PBXTargetDependency */,
			);
			name = "cooking-app-iOSUITests";
			productName = EcoRecipeUITests;
			productReference = 9A2367C928ED3C1D00D43F9D /* cooking-app-iOSUITests.xctest */;
			productType = "com.apple.product-type.bundle.ui-testing";
		};
/* End PBXNativeTarget section */

/* Begin PBXProject section */
		9A2367A128ED3C1C00D43F9D /* Project object */ = {
			isa = PBXProject;
			attributes = {
				BuildIndependentTargetsInParallel = 1;
				LastSwiftUpdateCheck = 1320;
				LastUpgradeCheck = 1320;
				TargetAttributes = {
					9A2367A828ED3C1C00D43F9D = {
						CreatedOnToolsVersion = 13.2.1;
					};
					9A2367BE28ED3C1D00D43F9D = {
						CreatedOnToolsVersion = 13.2.1;
						TestTargetID = 9A2367A828ED3C1C00D43F9D;
					};
					9A2367C828ED3C1D00D43F9D = {
						CreatedOnToolsVersion = 13.2.1;
						TestTargetID = 9A2367A828ED3C1C00D43F9D;
					};
				};
			};
			buildConfigurationList = 9A2367A428ED3C1C00D43F9D /* Build configuration list for PBXProject "cooking-app-iOS" */;
			compatibilityVersion = "Xcode 13.0";
			developmentRegion = en;
			hasScannedForEncodings = 0;
			knownRegions = (
				en,
				Base,
			);
			mainGroup = 9A2367A028ED3C1C00D43F9D;
			packageReferences = (
				9A89AA9E29334F05003A26A3 /* XCRemoteSwiftPackageReference "firebase-ios-sdk" */,
			);
			productRefGroup = 9A2367AA28ED3C1C00D43F9D /* Products */;
			projectDirPath = "";
			projectRoot = "";
			targets = (
				9A2367A828ED3C1C00D43F9D /* cooking-app-iOS */,
				9A2367BE28ED3C1D00D43F9D /* cooking-app-iOSTests */,
				9A2367C828ED3C1D00D43F9D /* cooking-app-iOSUITests */,
			);
		};
/* End PBXProject section */

/* Begin PBXResourcesBuildPhase section */
		9A2367A728ED3C1C00D43F9D /* Resources */ = {
			isa = PBXResourcesBuildPhase;
			buildActionMask = 2147483647;
			files = (
				9A2367B928ED3C1D00D43F9D /* LaunchScreen.storyboard in Resources */,
				9A86EFC529232D9B00EE12BF /* GoogleService-Info-Rls.plist in Resources */,
				9A0BE74629231B82007A1687 /* GoogleService-Info-Dev.plist in Resources */,
				9A2367B628ED3C1D00D43F9D /* Assets.xcassets in Resources */,
				9A41E4602919F4F200C8CA07 /* Login.storyboard in Resources */,
				9A2367B428ED3C1C00D43F9D /* Main.storyboard in Resources */,
			);
			runOnlyForDeploymentPostprocessing = 0;
		};
		9A2367BD28ED3C1D00D43F9D /* Resources */ = {
			isa = PBXResourcesBuildPhase;
			buildActionMask = 2147483647;
			files = (
			);
			runOnlyForDeploymentPostprocessing = 0;
		};
		9A2367C728ED3C1D00D43F9D /* Resources */ = {
			isa = PBXResourcesBuildPhase;
			buildActionMask = 2147483647;
			files = (
			);
			runOnlyForDeploymentPostprocessing = 0;
		};
/* End PBXResourcesBuildPhase section */

/* Begin PBXShellScriptBuildPhase section */
		9AAF2BAE2922A061009A1080 /* Firebase info plist */ = {
			isa = PBXShellScriptBuildPhase;
			buildActionMask = 2147483647;
			files = (
			);
			inputFileListPaths = (
			);
			inputPaths = (
			);
			name = "Firebase info plist";
			outputFileListPaths = (
			);
			outputPaths = (
			);
			runOnlyForDeploymentPostprocessing = 0;
			shellPath = /bin/sh;
			shellScript = "# Type a script or drag a script file from your workspace to insert its path.\n# 개발, 배포용 인포리스트 분리실행\n\nPATH_TO_GOOGLE_PLISTS=\"${PROJECT_DIR}/${PRODUCT_NAME}/Firebase\"\n\ncase \"${CONFIGURATION}\" in\n  \"Debug\" )\ncp -r \"$SRCROOT/${PRODUCT_NAME}/Firebase/GoogleService-Info-Dev.plist\" \"${BUILT_PRODUCTS_DIR}/${PRODUCT_NAME}.app/GoogleService-Info.plist\" ;;\n  \"Release\" )\ncp -r \"$SRCROOT/${PRODUCT_NAME}/Firebase/GoogleService-Info-Rls.plist\" \"${BUILT_PRODUCTS_DIR}/${PRODUCT_NAME}.app/GoogleService-Info.plist\" ;;\n*)\n;;\nesac\n";
		};
/* End PBXShellScriptBuildPhase section */

/* Begin PBXSourcesBuildPhase section */
		9A2367A528ED3C1C00D43F9D /* Sources */ = {
			isa = PBXSourcesBuildPhase;
			buildActionMask = 2147483647;
			files = (
				9A2367B128ED3C1C00D43F9D /* ViewController.swift in Sources */,
				9A2367AD28ED3C1C00D43F9D /* AppDelegate.swift in Sources */,
				9A4037E42904078600C2C090 /* DetailTableViewCell.swift in Sources */,
				9A0DDE50292362C6001974FB /* LoginMainViewController.swift in Sources */,
				9ABE2ABD29137C1800228F59 /* TabBarController.swift in Sources */,
				9A58E481290C01C6006B0118 /* Model.xcdatamodeld in Sources */,
				9AB65B00290FA8F1007DFACA /* FavoriteTableViewCell.swift in Sources */,
				9A4037E22903D7B900C2C090 /* DetailViewController.swift in Sources */,
				9AC986A228F3E4C5009A8E54 /* MainTableViewCell.swift in Sources */,
				9AB65AFE290FA8CA007DFACA /* FavoriteViewController.swift in Sources */,
				9A2367AF28ED3C1C00D43F9D /* SceneDelegate.swift in Sources */,
				9A89AA9C29334C21003A26A3 /* SignUpViewController.swift in Sources */,
				9ACA44C229235CE50084C663 /* SettingsViewController.swift in Sources */,
			);
			runOnlyForDeploymentPostprocessing = 0;
		};
		9A2367BB28ED3C1D00D43F9D /* Sources */ = {
			isa = PBXSourcesBuildPhase;
			buildActionMask = 2147483647;
			files = (
				9A2367C428ED3C1D00D43F9D /* EcoRecipeTests.swift in Sources */,
			);
			runOnlyForDeploymentPostprocessing = 0;
		};
		9A2367C528ED3C1D00D43F9D /* Sources */ = {
			isa = PBXSourcesBuildPhase;
			buildActionMask = 2147483647;
			files = (
				9A2367D028ED3C1D00D43F9D /* EcoRecipeUITestsLaunchTests.swift in Sources */,
				9A2367CE28ED3C1D00D43F9D /* EcoRecipeUITests.swift in Sources */,
			);
			runOnlyForDeploymentPostprocessing = 0;
		};
/* End PBXSourcesBuildPhase section */

/* Begin PBXTargetDependency section */
		9A2367C128ED3C1D00D43F9D /* PBXTargetDependency */ = {
			isa = PBXTargetDependency;
			target = 9A2367A828ED3C1C00D43F9D /* cooking-app-iOS */;
			targetProxy = 9A2367C028ED3C1D00D43F9D /* PBXContainerItemProxy */;
		};
		9A2367CB28ED3C1D00D43F9D /* PBXTargetDependency */ = {
			isa = PBXTargetDependency;
			target = 9A2367A828ED3C1C00D43F9D /* cooking-app-iOS */;
			targetProxy = 9A2367CA28ED3C1D00D43F9D /* PBXContainerItemProxy */;
		};
/* End PBXTargetDependency section */

/* Begin PBXVariantGroup section */
		9A2367B228ED3C1C00D43F9D /* Main.storyboard */ = {
			isa = PBXVariantGroup;
			children = (
				9A2367B328ED3C1C00D43F9D /* Base */,
			);
			name = Main.storyboard;
			sourceTree = "<group>";
		};
		9A2367B728ED3C1D00D43F9D /* LaunchScreen.storyboard */ = {
			isa = PBXVariantGroup;
			children = (
				9A2367B828ED3C1D00D43F9D /* Base */,
			);
			name = LaunchScreen.storyboard;
			sourceTree = "<group>";
		};
/* End PBXVariantGroup section */

/* Begin XCBuildConfiguration section */
		9A2367D128ED3C1D00D43F9D /* Debug */ = {
			isa = XCBuildConfiguration;
			buildSettings = {
				ALWAYS_SEARCH_USER_PATHS = NO;
				CLANG_ANALYZER_NONNULL = YES;
				CLANG_ANALYZER_NUMBER_OBJECT_CONVERSION = YES_AGGRESSIVE;
				CLANG_CXX_LANGUAGE_STANDARD = "gnu++17";
				CLANG_CXX_LIBRARY = "libc++";
				CLANG_ENABLE_MODULES = YES;
				CLANG_ENABLE_OBJC_ARC = YES;
				CLANG_ENABLE_OBJC_WEAK = YES;
				CLANG_WARN_BLOCK_CAPTURE_AUTORELEASING = YES;
				CLANG_WARN_BOOL_CONVERSION = YES;
				CLANG_WARN_COMMA = YES;
				CLANG_WARN_CONSTANT_CONVERSION = YES;
				CLANG_WARN_DEPRECATED_OBJC_IMPLEMENTATIONS = YES;
				CLANG_WARN_DIRECT_OBJC_ISA_USAGE = YES_ERROR;
				CLANG_WARN_DOCUMENTATION_COMMENTS = YES;
				CLANG_WARN_EMPTY_BODY = YES;
				CLANG_WARN_ENUM_CONVERSION = YES;
				CLANG_WARN_INFINITE_RECURSION = YES;
				CLANG_WARN_INT_CONVERSION = YES;
				CLANG_WARN_NON_LITERAL_NULL_CONVERSION = YES;
				CLANG_WARN_OBJC_IMPLICIT_RETAIN_SELF = YES;
				CLANG_WARN_OBJC_LITERAL_CONVERSION = YES;
				CLANG_WARN_OBJC_ROOT_CLASS = YES_ERROR;
				CLANG_WARN_QUOTED_INCLUDE_IN_FRAMEWORK_HEADER = YES;
				CLANG_WARN_RANGE_LOOP_ANALYSIS = YES;
				CLANG_WARN_STRICT_PROTOTYPES = YES;
				CLANG_WARN_SUSPICIOUS_MOVE = YES;
				CLANG_WARN_UNGUARDED_AVAILABILITY = YES_AGGRESSIVE;
				CLANG_WARN_UNREACHABLE_CODE = YES;
				CLANG_WARN__DUPLICATE_METHOD_MATCH = YES;
				COPY_PHASE_STRIP = NO;
				DEBUG_INFORMATION_FORMAT = dwarf;
				ENABLE_STRICT_OBJC_MSGSEND = YES;
				ENABLE_TESTABILITY = YES;
				GCC_C_LANGUAGE_STANDARD = gnu11;
				GCC_DYNAMIC_NO_PIC = NO;
				GCC_NO_COMMON_BLOCKS = YES;
				GCC_OPTIMIZATION_LEVEL = 0;
				GCC_PREPROCESSOR_DEFINITIONS = (
					"DEBUG=1",
					"$(inherited)",
				);
				GCC_WARN_64_TO_32_BIT_CONVERSION = YES;
				GCC_WARN_ABOUT_RETURN_TYPE = YES_ERROR;
				GCC_WARN_UNDECLARED_SELECTOR = YES;
				GCC_WARN_UNINITIALIZED_AUTOS = YES_AGGRESSIVE;
				GCC_WARN_UNUSED_FUNCTION = YES;
				GCC_WARN_UNUSED_VARIABLE = YES;
				IPHONEOS_DEPLOYMENT_TARGET = 15.0;
				MTL_ENABLE_DEBUG_INFO = INCLUDE_SOURCE;
				MTL_FAST_MATH = YES;
				ONLY_ACTIVE_ARCH = YES;
				SDKROOT = iphoneos;
				SWIFT_ACTIVE_COMPILATION_CONDITIONS = DEBUG;
				SWIFT_OPTIMIZATION_LEVEL = "-Onone";
			};
			name = Debug;
		};
		9A2367D228ED3C1D00D43F9D /* Release */ = {
			isa = XCBuildConfiguration;
			buildSettings = {
				ALWAYS_SEARCH_USER_PATHS = NO;
				CLANG_ANALYZER_NONNULL = YES;
				CLANG_ANALYZER_NUMBER_OBJECT_CONVERSION = YES_AGGRESSIVE;
				CLANG_CXX_LANGUAGE_STANDARD = "gnu++17";
				CLANG_CXX_LIBRARY = "libc++";
				CLANG_ENABLE_MODULES = YES;
				CLANG_ENABLE_OBJC_ARC = YES;
				CLANG_ENABLE_OBJC_WEAK = YES;
				CLANG_WARN_BLOCK_CAPTURE_AUTORELEASING = YES;
				CLANG_WARN_BOOL_CONVERSION = YES;
				CLANG_WARN_COMMA = YES;
				CLANG_WARN_CONSTANT_CONVERSION = YES;
				CLANG_WARN_DEPRECATED_OBJC_IMPLEMENTATIONS = YES;
				CLANG_WARN_DIRECT_OBJC_ISA_USAGE = YES_ERROR;
				CLANG_WARN_DOCUMENTATION_COMMENTS = YES;
				CLANG_WARN_EMPTY_BODY = YES;
				CLANG_WARN_ENUM_CONVERSION = YES;
				CLANG_WARN_INFINITE_RECURSION = YES;
				CLANG_WARN_INT_CONVERSION = YES;
				CLANG_WARN_NON_LITERAL_NULL_CONVERSION = YES;
				CLANG_WARN_OBJC_IMPLICIT_RETAIN_SELF = YES;
				CLANG_WARN_OBJC_LITERAL_CONVERSION = YES;
				CLANG_WARN_OBJC_ROOT_CLASS = YES_ERROR;
				CLANG_WARN_QUOTED_INCLUDE_IN_FRAMEWORK_HEADER = YES;
				CLANG_WARN_RANGE_LOOP_ANALYSIS = YES;
				CLANG_WARN_STRICT_PROTOTYPES = YES;
				CLANG_WARN_SUSPICIOUS_MOVE = YES;
				CLANG_WARN_UNGUARDED_AVAILABILITY = YES_AGGRESSIVE;
				CLANG_WARN_UNREACHABLE_CODE = YES;
				CLANG_WARN__DUPLICATE_METHOD_MATCH = YES;
				COPY_PHASE_STRIP = NO;
				DEBUG_INFORMATION_FORMAT = "dwarf-with-dsym";
				ENABLE_NS_ASSERTIONS = NO;
				ENABLE_STRICT_OBJC_MSGSEND = YES;
				GCC_C_LANGUAGE_STANDARD = gnu11;
				GCC_NO_COMMON_BLOCKS = YES;
				GCC_WARN_64_TO_32_BIT_CONVERSION = YES;
				GCC_WARN_ABOUT_RETURN_TYPE = YES_ERROR;
				GCC_WARN_UNDECLARED_SELECTOR = YES;
				GCC_WARN_UNINITIALIZED_AUTOS = YES_AGGRESSIVE;
				GCC_WARN_UNUSED_FUNCTION = YES;
				GCC_WARN_UNUSED_VARIABLE = YES;
				INFOPLIST_KEY_CFBundleDisplayName = "";
				IPHONEOS_DEPLOYMENT_TARGET = 15.0;
				MTL_ENABLE_DEBUG_INFO = NO;
				MTL_FAST_MATH = YES;
				SDKROOT = iphoneos;
				SWIFT_COMPILATION_MODE = wholemodule;
				SWIFT_OPTIMIZATION_LEVEL = "-O";
				VALIDATE_PRODUCT = YES;
			};
			name = Release;
		};
		9A2367D428ED3C1D00D43F9D /* Debug */ = {
			isa = XCBuildConfiguration;
			buildSettings = {
				ASSETCATALOG_COMPILER_APPICON_NAME = AppIcon;
				ASSETCATALOG_COMPILER_GLOBAL_ACCENT_COLOR_NAME = AccentColor;
				CODE_SIGN_ENTITLEMENTS = "cooking-app-iOS/cooking-app-iOS.entitlements";
				CODE_SIGN_STYLE = Automatic;
				CURRENT_PROJECT_VERSION = 1;
				DEVELOPMENT_TEAM = WCTHZ894XR;
				ENABLE_BITCODE = NO;
				GENERATE_INFOPLIST_FILE = YES;
				INFOPLIST_FILE = "cooking-app-iOS/Info.plist";
				INFOPLIST_KEY_CFBundleDisplayName = "에코레시피-dev";
				INFOPLIST_KEY_UIApplicationSupportsIndirectInputEvents = YES;
				INFOPLIST_KEY_UILaunchStoryboardName = LaunchScreen;
				INFOPLIST_KEY_UIMainStoryboardFile = Login;
				INFOPLIST_KEY_UISupportedInterfaceOrientations_iPad = "UIInterfaceOrientationPortrait UIInterfaceOrientationPortraitUpsideDown UIInterfaceOrientationLandscapeLeft UIInterfaceOrientationLandscapeRight";
				INFOPLIST_KEY_UISupportedInterfaceOrientations_iPhone = "UIInterfaceOrientationPortrait UIInterfaceOrientationLandscapeLeft UIInterfaceOrientationLandscapeRight";
				LD_RUNPATH_SEARCH_PATHS = (
					"$(inherited)",
					"@executable_path/Frameworks",
				);
				MARKETING_VERSION = 1.0;
				PRODUCT_BUNDLE_IDENTIFIER = "kr.admd1.com.cooking-app-iOS-dev";
				PRODUCT_NAME = "$(TARGET_NAME)";
				SWIFT_EMIT_LOC_STRINGS = YES;
				SWIFT_VERSION = 5.0;
				TARGETED_DEVICE_FAMILY = 1;
			};
			name = Debug;
		};
		9A2367D528ED3C1D00D43F9D /* Release */ = {
			isa = XCBuildConfiguration;
			buildSettings = {
				ASSETCATALOG_COMPILER_APPICON_NAME = AppIcon;
				ASSETCATALOG_COMPILER_GLOBAL_ACCENT_COLOR_NAME = AccentColor;
				CODE_SIGN_ENTITLEMENTS = "cooking-app-iOS/cooking-app-iOS.entitlements";
				CODE_SIGN_STYLE = Automatic;
				CURRENT_PROJECT_VERSION = 1;
				DEVELOPMENT_TEAM = WCTHZ894XR;
				ENABLE_BITCODE = NO;
				GENERATE_INFOPLIST_FILE = YES;
				INFOPLIST_FILE = "cooking-app-iOS/Info.plist";
				INFOPLIST_KEY_CFBundleDisplayName = "에코레시피-rls";
				INFOPLIST_KEY_UIApplicationSupportsIndirectInputEvents = YES;
				INFOPLIST_KEY_UILaunchStoryboardName = LaunchScreen;
				INFOPLIST_KEY_UIMainStoryboardFile = Login;
				INFOPLIST_KEY_UISupportedInterfaceOrientations_iPad = "UIInterfaceOrientationPortrait UIInterfaceOrientationPortraitUpsideDown UIInterfaceOrientationLandscapeLeft UIInterfaceOrientationLandscapeRight";
				INFOPLIST_KEY_UISupportedInterfaceOrientations_iPhone = "UIInterfaceOrientationPortrait UIInterfaceOrientationLandscapeLeft UIInterfaceOrientationLandscapeRight";
				LD_RUNPATH_SEARCH_PATHS = (
					"$(inherited)",
					"@executable_path/Frameworks",
				);
				MARKETING_VERSION = 1.0;
				PRODUCT_BUNDLE_IDENTIFIER = "kr.admd1.com.cooking-app-iOS-rls";
				PRODUCT_NAME = "$(TARGET_NAME)";
				SWIFT_EMIT_LOC_STRINGS = YES;
				SWIFT_VERSION = 5.0;
				TARGETED_DEVICE_FAMILY = 1;
			};
			name = Release;
		};
		9A2367D728ED3C1D00D43F9D /* Debug */ = {
			isa = XCBuildConfiguration;
			buildSettings = {
				ALWAYS_EMBED_SWIFT_STANDARD_LIBRARIES = YES;
				BUNDLE_LOADER = "$(TEST_HOST)";
				CODE_SIGN_STYLE = Automatic;
				CURRENT_PROJECT_VERSION = 1;
				GENERATE_INFOPLIST_FILE = YES;
				IPHONEOS_DEPLOYMENT_TARGET = 15.2;
				MARKETING_VERSION = 1.0;
				PRODUCT_BUNDLE_IDENTIFIER = kr.admd1.com.EcoRecipeTests;
				PRODUCT_NAME = "$(TARGET_NAME)";
				SWIFT_EMIT_LOC_STRINGS = NO;
				SWIFT_VERSION = 5.0;
				TARGETED_DEVICE_FAMILY = "1,2";
				TEST_HOST = "$(BUILT_PRODUCTS_DIR)/cooking-app-iOS.app/cooking-app-iOS";
			};
			name = Debug;
		};
		9A2367D828ED3C1D00D43F9D /* Release */ = {
			isa = XCBuildConfiguration;
			buildSettings = {
				ALWAYS_EMBED_SWIFT_STANDARD_LIBRARIES = YES;
				BUNDLE_LOADER = "$(TEST_HOST)";
				CODE_SIGN_STYLE = Automatic;
				CURRENT_PROJECT_VERSION = 1;
				GENERATE_INFOPLIST_FILE = YES;
				IPHONEOS_DEPLOYMENT_TARGET = 15.2;
				MARKETING_VERSION = 1.0;
				PRODUCT_BUNDLE_IDENTIFIER = kr.admd1.com.EcoRecipeTests;
				PRODUCT_NAME = "$(TARGET_NAME)";
				SWIFT_EMIT_LOC_STRINGS = NO;
				SWIFT_VERSION = 5.0;
				TARGETED_DEVICE_FAMILY = "1,2";
				TEST_HOST = "$(BUILT_PRODUCTS_DIR)/cooking-app-iOS.app/cooking-app-iOS";
			};
			name = Release;
		};
		9A2367DA28ED3C1D00D43F9D /* Debug */ = {
			isa = XCBuildConfiguration;
			buildSettings = {
				ALWAYS_EMBED_SWIFT_STANDARD_LIBRARIES = YES;
				CODE_SIGN_STYLE = Automatic;
				CURRENT_PROJECT_VERSION = 1;
				GENERATE_INFOPLIST_FILE = YES;
				MARKETING_VERSION = 1.0;
				PRODUCT_BUNDLE_IDENTIFIER = kr.admd1.com.EcoRecipeUITests;
				PRODUCT_NAME = "$(TARGET_NAME)";
				SWIFT_EMIT_LOC_STRINGS = NO;
				SWIFT_VERSION = 5.0;
				TARGETED_DEVICE_FAMILY = "1,2";
				TEST_TARGET_NAME = EcoRecipe;
			};
			name = Debug;
		};
		9A2367DB28ED3C1D00D43F9D /* Release */ = {
			isa = XCBuildConfiguration;
			buildSettings = {
				ALWAYS_EMBED_SWIFT_STANDARD_LIBRARIES = YES;
				CODE_SIGN_STYLE = Automatic;
				CURRENT_PROJECT_VERSION = 1;
				GENERATE_INFOPLIST_FILE = YES;
				MARKETING_VERSION = 1.0;
				PRODUCT_BUNDLE_IDENTIFIER = kr.admd1.com.EcoRecipeUITests;
				PRODUCT_NAME = "$(TARGET_NAME)";
				SWIFT_EMIT_LOC_STRINGS = NO;
				SWIFT_VERSION = 5.0;
				TARGETED_DEVICE_FAMILY = "1,2";
				TEST_TARGET_NAME = EcoRecipe;
			};
			name = Release;
		};
/* End XCBuildConfiguration section */

/* Begin XCConfigurationList section */
		9A2367A428ED3C1C00D43F9D /* Build configuration list for PBXProject "cooking-app-iOS" */ = {
			isa = XCConfigurationList;
			buildConfigurations = (
				9A2367D128ED3C1D00D43F9D /* Debug */,
				9A2367D228ED3C1D00D43F9D /* Release */,
			);
			defaultConfigurationIsVisible = 0;
			defaultConfigurationName = Release;
		};
		9A2367D328ED3C1D00D43F9D /* Build configuration list for PBXNativeTarget "cooking-app-iOS" */ = {
			isa = XCConfigurationList;
			buildConfigurations = (
				9A2367D428ED3C1D00D43F9D /* Debug */,
				9A2367D528ED3C1D00D43F9D /* Release */,
			);
			defaultConfigurationIsVisible = 0;
			defaultConfigurationName = Release;
		};
		9A2367D628ED3C1D00D43F9D /* Build configuration list for PBXNativeTarget "cooking-app-iOSTests" */ = {
			isa = XCConfigurationList;
			buildConfigurations = (
				9A2367D728ED3C1D00D43F9D /* Debug */,
				9A2367D828ED3C1D00D43F9D /* Release */,
			);
			defaultConfigurationIsVisible = 0;
			defaultConfigurationName = Release;
		};
		9A2367D928ED3C1D00D43F9D /* Build configuration list for PBXNativeTarget "cooking-app-iOSUITests" */ = {
			isa = XCConfigurationList;
			buildConfigurations = (
				9A2367DA28ED3C1D00D43F9D /* Debug */,
				9A2367DB28ED3C1D00D43F9D /* Release */,
			);
			defaultConfigurationIsVisible = 0;
			defaultConfigurationName = Release;
		};
/* End XCConfigurationList section */

/* Begin XCRemoteSwiftPackageReference section */
		9A89AA9E29334F05003A26A3 /* XCRemoteSwiftPackageReference "firebase-ios-sdk" */ = {
			isa = XCRemoteSwiftPackageReference;
			repositoryURL = "https://github.com/firebase/firebase-ios-sdk";
			requirement = {
				branch = master;
				kind = branch;
			};
		};
/* End XCRemoteSwiftPackageReference section */

/* Begin XCSwiftPackageProductDependency section */
		9A89AA9F29334F05003A26A3 /* FirebaseAnalytics */ = {
			isa = XCSwiftPackageProductDependency;
			package = 9A89AA9E29334F05003A26A3 /* XCRemoteSwiftPackageReference "firebase-ios-sdk" */;
			productName = FirebaseAnalytics;
		};
		9A89AAA129334F05003A26A3 /* FirebaseAuth */ = {
			isa = XCSwiftPackageProductDependency;
			package = 9A89AA9E29334F05003A26A3 /* XCRemoteSwiftPackageReference "firebase-ios-sdk" */;
			productName = FirebaseAuth;
		};
		9A89AAA329334F05003A26A3 /* FirebaseDatabase */ = {
			isa = XCSwiftPackageProductDependency;
			package = 9A89AA9E29334F05003A26A3 /* XCRemoteSwiftPackageReference "firebase-ios-sdk" */;
			productName = FirebaseDatabase;
		};
		9A89AAA529334F05003A26A3 /* FirebaseMessaging */ = {
			isa = XCSwiftPackageProductDependency;
			package = 9A89AA9E29334F05003A26A3 /* XCRemoteSwiftPackageReference "firebase-ios-sdk" */;
			productName = FirebaseMessaging;
		};
		9A89AAA729334F05003A26A3 /* FirebaseStorage */ = {
			isa = XCSwiftPackageProductDependency;
			package = 9A89AA9E29334F05003A26A3 /* XCRemoteSwiftPackageReference "firebase-ios-sdk" */;
			productName = FirebaseStorage;
		};
/* End XCSwiftPackageProductDependency section */

/* Begin XCVersionGroup section */
		9A58E47F290C01C6006B0118 /* Model.xcdatamodeld */ = {
			isa = XCVersionGroup;
			children = (
				9A58E480290C01C6006B0118 /* Model.xcdatamodel */,
			);
			currentVersion = 9A58E480290C01C6006B0118 /* Model.xcdatamodel */;
			path = Model.xcdatamodeld;
			sourceTree = "<group>";
			versionGroupType = wrapper.xcdatamodel;
		};
/* End XCVersionGroup section */
	};
	rootObject = 9A2367A128ED3C1C00D43F9D /* Project object */;
}
